
Microsoft Visual Studio Solution File, Format Version 12.00
# Visual Studio 15
VisualStudioVersion = 15.0.28307.705
MinimumVisualStudioVersion = 10.0.40219.1
Project("{8BC9CEB8-8B4A-11D0-8D11-00A0C91BC942}") = "Server", "Server\Server.vcxproj", "{55AFAEA4-5085-4052-9A14-444AC7D43C1D}"
EndProject
Project("{8BC9CEB8-8B4A-11D0-8D11-00A0C91BC942}") = "Client", "Client\Client.vcxproj", "{528F4AAF-81F2-4BD0-8C5D-F91B7D4FCB11}"
EndProject
Global
	GlobalSection(SolutionConfigurationPlatforms) = preSolution
		Debug|x64 = Debug|x64
		Debug|x86 = Debug|x86
		Release|x64 = Release|x64
		Release|x86 = Release|x86
	EndGlobalSection
	GlobalSection(ProjectConfigurationPlatforms) = postSolution
		{55AFAEA4-5085-4052-9A14-444AC7D43C1D}.Debug|x64.ActiveCfg = Debug|x64
		{55AFAEA4-5085-4052-9A14-444AC7D43C1D}.Debug|x64.Build.0 = Debug|x64
		{55AFAEA4-5085-4052-9A14-444AC7D43C1D}.Debug|x86.ActiveCfg = Debug|Win32
		{55AFAEA4-5085-4052-9A14-444AC7D43C1D}.Debug|x86.Build.0 = Debug|Win32
		{55AFAEA4-5085-4052-9A14-444AC7D43C1D}.Release|x64.ActiveCfg = Release|x64
		{55AFAEA4-5085-4052-9A14-444AC7D43C1D}.Release|x64.Build.0 = Release|x64
		{55AFAEA4-5085-4052-9A14-444AC7D43C1D}.Release|x86.ActiveCfg = Release|Win32
		{55AFAEA4-5085-4052-9A14-444AC7D43C1D}.Release|x86.Build.0 = Release|Win32
		{528F4AAF-81F2-4BD0-8C5D-F91B7D4FCB11}.Debug|x64.ActiveCfg = Debug|x64
		{528F4AAF-81F2-4BD0-8C5D-F91B7D4FCB11}.Debug|x64.Build.0 = Debug|x64
		{528F4AAF-81F2-4BD0-8C5D-F91B7D4FCB11}.Debug|x86.ActiveCfg = Debug|Win32
		{528F4AAF-81F2-4BD0-8C5D-F91B7D4FCB11}.Debug|x86.Build.0 = Debug|Win32
		{528F4AAF-81F2-4BD0-8C5D-F91B7D4FCB11}.Release|x64.ActiveCfg = Release|x64
		{528F4AAF-81F2-4BD0-8C5D-F91B7D4FCB11}.Release|x64.Build.0 = Release|x64
		{528F4AAF-81F2-4BD0-8C5D-F91B7D4FCB11}.Release|x86.ActiveCfg = Release|Win32
		{528F4AAF-81F2-4BD0-8C5D-F91B7D4FCB11}.Release|x86.Build.0 = Release|Win32
	EndGlobalSection
	GlobalSection(SolutionProperties) = preSolution
		HideSolutionNode = FALSE
	EndGlobalSection
	GlobalSection(ExtensibilityGlobals) = postSolution
		SolutionGuid = {AC661D20-D9DB-40E1-8C1E-60B98938571E}
	EndGlobalSection
EndGlobal
